version = 1
revision = 3
requires-python = "==3.10.*"

[[package]]
name = "atomicwrites"
version = "1.4.1"
source = { registry = "https://pypi.org/simple" }
sdist = { url = "https://files.pythonhosted.org/packages/87/c6/53da25344e3e3a9c01095a89f16dbcda021c609ddb42dd6d7c0528236fb2/atomicwrites-1.4.1.tar.gz", hash = "sha256:81b2c9071a49367a7f770170e5eec8cb66567cfbbc8c73d20ce5ca4a8d71cf11", size = 14227, upload-time = "2022-07-08T18:31:40.459Z" }

[[package]]
name = "attrs"
version = "21.4.0"
source = { registry = "https://pypi.org/simple" }
sdist = { url = "https://files.pythonhosted.org/packages/d7/77/ebb15fc26d0f815839ecd897b919ed6d85c050feeb83e100e020df9153d2/attrs-21.4.0.tar.gz", hash = "sha256:626ba8234211db98e869df76230a137c4c40a12d72445c45d5f5b716f076e2fd", size = 201839, upload-time = "2021-12-29T13:15:09.056Z" }
wheels = [
    { url = "https://files.pythonhosted.org/packages/be/be/7abce643bfdf8ca01c48afa2ddf8308c2308b0c3b239a44e57d020afa0ef/attrs-21.4.0-py2.py3-none-any.whl", hash = "sha256:2d27e3784d7a565d36ab851fe94887c5eccd6a463168875832a1be79c82828b4", size = 60567, upload-time = "2021-12-29T13:15:06.703Z" },
]

[[package]]
name = "black"
version = "22.6.0"
source = { registry = "https://pypi.org/simple" }
dependencies = [
    { name = "click" },
    { name = "mypy-extensions" },
    { name = "pathspec" },
    { name = "platformdirs" },
    { name = "tomli" },
]
sdist = { url = "https://files.pythonhosted.org/packages/61/11/551b0d067a7e6836fc0997ab36ee46ec65259fea8f30104f4870092f3301/black-22.6.0.tar.gz", hash = "sha256:6c6d39e28aed379aec40da1c65434c77d75e65bb59a1e1c283de545fb4e7c6c9", size = 566106, upload-time = "2022-06-28T00:39:56.47Z" }
wheels = [
    { url = "https://files.pythonhosted.org/packages/80/ff/cfcfa4cdb42d8fff75b6b4dc355a1186a95de4714df8cc2a60f69f7b17f8/black-22.6.0-cp310-cp310-macosx_10_9_universal2.whl", hash = "sha256:f586c26118bc6e714ec58c09df0157fe2d9ee195c764f630eb0d8e7ccce72e69", size = 2435459, upload-time = "2022-06-28T02:24:58.717Z" },
    { url = "https://files.pythonhosted.org/packages/63/96/814e02033701f51701444d5505b5e2594453b1f7e913764a097b1f701633/black-22.6.0-cp310-cp310-macosx_10_9_x86_64.whl", hash = "sha256:b270a168d69edb8b7ed32c193ef10fd27844e5c60852039599f9184460ce0807", size = 1363220, upload-time = "2022-06-28T02:31:10.519Z" },
    { url = "https://files.pythonhosted.org/packages/1a/84/203163902ee26bcf1beaef582ee0c8df3f325da3e961b68d2ece959e19d3/black-22.6.0-cp310-cp310-macosx_11_0_arm64.whl", hash = "sha256:6797f58943fceb1c461fb572edbe828d811e719c24e03375fd25170ada53825e", size = 1231890, upload-time = "2022-06-28T01:51:24.804Z" },
    { url = "https://files.pythonhosted.org/packages/a7/51/d0acd9f74a946a825a148dcc392433c2332ae405967d76292b9e64712dc8/black-22.6.0-cp310-cp310-manylinux_2_17_x86_64.manylinux2014_x86_64.whl", hash = "sha256:c85928b9d5f83b23cee7d0efcb310172412fbf7cb9d9ce963bd67fd141781def", size = 1501359, upload-time = "2022-06-28T01:51:39.962Z" },
    { url = "https://files.pythonhosted.org/packages/86/9c/2a8a13993bc63a50bda7436ecba902231fd9a88dd1cd233e6e3f534e071c/black-22.6.0-cp310-cp310-win_amd64.whl", hash = "sha256:f6fe02afde060bbeef044af7996f335fbe90b039ccf3f5eb8f16df8b20f77666", size = 1157141, upload-time = "2022-06-28T01:51:48.375Z" },
    { url = "https://files.pythonhosted.org/packages/2b/70/1d0e33a4df4ed73e9f02f698a29b5d94ff58e39f029c939ecf96a10fb1f3/black-22.6.0-py3-none-any.whl", hash = "sha256:ac609cf8ef5e7115ddd07d85d988d074ed00e10fbc3445aee393e70164a2219c", size = 156271, upload-time = "2022-06-28T00:39:54.732Z" },
]

[[package]]
name = "certifi"
version = "2022.6.15"
source = { registry = "https://pypi.org/simple" }
sdist = { url = "https://files.pythonhosted.org/packages/cc/85/319a8a684e8ac6d87a1193090e06b6bbb302717496380e225ee10487c888/certifi-2022.6.15.tar.gz", hash = "sha256:84c85a9078b11105f04f3036a9482ae10e4621616db313fe045dd24743a0820d", size = 161762, upload-time = "2022-06-15T18:09:21.263Z" }
wheels = [
    { url = "https://files.pythonhosted.org/packages/e9/06/d3d367b7af6305b16f0d28ae2aaeb86154fa91f144f036c2d5002a5a202b/certifi-2022.6.15-py3-none-any.whl", hash = "sha256:fe86415d55e84719d75f8b69414f6438ac3547d2078ab91b67e779ef69378412", size = 160247, upload-time = "2022-06-15T18:09:18.491Z" },
]

[[package]]
name = "charset-normalizer"
version = "2.1.0"
source = { registry = "https://pypi.org/simple" }
sdist = { url = "https://files.pythonhosted.org/packages/93/1d/d9392056df6670ae2a29fcb04cfa5cee9f6fbde7311a1bb511d4115e9b7a/charset-normalizer-2.1.0.tar.gz", hash = "sha256:575e708016ff3a5e3681541cb9d79312c416835686d054a23accb873b254f413", size = 81769, upload-time = "2022-06-19T22:03:23.861Z" }
wheels = [
    { url = "https://files.pythonhosted.org/packages/94/69/64b11e8c2fb21f08634468caef885112e682b0ebe2908e74d3616eb1c113/charset_normalizer-2.1.0-py3-none-any.whl", hash = "sha256:5189b6f22b01957427f35b6a08d9a0bc45b46d3788ef5a92e978433c7a35f8a5", size = 39548, upload-time = "2022-06-19T22:03:21.542Z" },
]

[[package]]
name = "click"
version = "8.1.3"
source = { registry = "https://pypi.org/simple" }
dependencies = [
    { name = "colorama", marker = "sys_platform == 'win32'" },
]
sdist = { url = "https://files.pythonhosted.org/packages/59/87/84326af34517fca8c58418d148f2403df25303e02736832403587318e9e8/click-8.1.3.tar.gz", hash = "sha256:7682dc8afb30297001674575ea00d1814d808d6a36af415a82bd481d37ba7b8e", size = 331147, upload-time = "2022-04-28T17:36:09.097Z" }
wheels = [
    { url = "https://files.pythonhosted.org/packages/c2/f1/df59e28c642d583f7dacffb1e0965d0e00b218e0186d7858ac5233dce840/click-8.1.3-py3-none-any.whl", hash = "sha256:bb4d8133cb15a609f44e8213d9b391b0809795062913b383c62be0ee95b1db48", size = 96588, upload-time = "2022-04-28T17:36:06.952Z" },
]

[[package]]
name = "colorama"
version = "0.4.5"
source = { registry = "https://pypi.org/simple" }
sdist = { url = "https://files.pythonhosted.org/packages/2b/65/24d033a9325ce42ccbfa3ca2d0866c7e89cc68e5b9d92ecaba9feef631df/colorama-0.4.5.tar.gz", hash = "sha256:e6c6b4334fc50988a639d9b98aa429a0b57da6e17b9a44f0451f930b6967b7a4", size = 27469, upload-time = "2022-06-16T12:34:47.78Z" }
wheels = [
    { url = "https://files.pythonhosted.org/packages/77/8b/7550e87b2d308a1b711725dfaddc19c695f8c5fa413c640b2be01662f4e6/colorama-0.4.5-py2.py3-none-any.whl", hash = "sha256:854bf444933e37f5824ae7bfc1e98d5bce2ebe4160d46b5edf346a89358e99da", size = 16204, upload-time = "2022-06-16T12:34:45.998Z" },
]

[[package]]
name = "flake8"
version = "4.0.1"
source = { registry = "https://pypi.org/simple" }
dependencies = [
    { name = "mccabe" },
    { name = "pycodestyle" },
    { name = "pyflakes" },
]
sdist = { url = "https://files.pythonhosted.org/packages/e6/84/d8db922289195c435779b4ca3a3f583f263f87e67954f7b2e83c8da21f48/flake8-4.0.1.tar.gz", hash = "sha256:806e034dda44114815e23c16ef92f95c91e4c71100ff52813adf7132a6ad870d", size = 154905, upload-time = "2021-10-11T12:42:48.941Z" }
wheels = [
    { url = "https://files.pythonhosted.org/packages/34/39/cde2c8a227abb4f9ce62fe55586b920f438f1d2903a1a22514d0b982c333/flake8-4.0.1-py2.py3-none-any.whl", hash = "sha256:479b1304f72536a55948cb40a32dce8bb0ffe3501e26eaf292c7e60eb5e0428d", size = 64091, upload-time = "2021-10-11T12:42:47.401Z" },
]

[[package]]
name = "gitignore-create"
version = "0.1.0"
source = { editable = "." }
dependencies = [
    { name = "requests" },
]

[package.dev-dependencies]
dev = [
    { name = "black" },
    { name = "flake8" },
    { name = "isort" },
    { name = "mypy" },
    { name = "pytest" },
]

[package.metadata]
requires-dist = [{ name = "requests", specifier = ">=2.28.1,<3" }]

[package.metadata.requires-dev]
dev = [
    { name = "black", specifier = ">=22.6.0,<23" },
    { name = "flake8", specifier = ">=4.0.1,<5" },
    { name = "isort", specifier = ">=5.10.1,<6" },
    { name = "mypy", specifier = ">=0.971,<0.972" },
    { name = "pytest", specifier = ">=7.1.2,<8" },
]

[[package]]
name = "idna"
version = "3.3"
source = { registry = "https://pypi.org/simple" }
sdist = { url = "https://files.pythonhosted.org/packages/62/08/e3fc7c8161090f742f504f40b1bccbfc544d4a4e09eb774bf40aafce5436/idna-3.3.tar.gz", hash = "sha256:9d643ff0a55b762d5cdb124b8eaa99c66322e2157b69160bc32796e824360e6d", size = 286689, upload-time = "2021-10-12T23:33:41.312Z" }
wheels = [
    { url = "https://files.pythonhosted.org/packages/04/a2/d918dcd22354d8958fe113e1a3630137e0fc8b44859ade3063982eacd2a4/idna-3.3-py3-none-any.whl", hash = "sha256:84d9dd047ffa80596e0f246e2eab0b391788b0503584e8945f2368256d2735ff", size = 61160, upload-time = "2021-10-12T23:33:38.02Z" },
]

[[package]]
name = "iniconfig"
version = "1.1.1"
source = { registry = "https://pypi.org/simple" }
sdist = { url = "https://files.pythonhosted.org/packages/23/a2/97899f6bd0e873fed3a7e67ae8d3a08b21799430fb4da15cfedf10d6e2c2/iniconfig-1.1.1.tar.gz", hash = "sha256:bc3af051d7d14b2ee5ef9969666def0cd1a000e121eaea580d4a313df4b37f32", size = 8104, upload-time = "2020-10-14T10:20:18.572Z" }
wheels = [
    { url = "https://files.pythonhosted.org/packages/9b/dd/b3c12c6d707058fa947864b67f0c4e0c39ef8610988d7baea9578f3c48f3/iniconfig-1.1.1-py2.py3-none-any.whl", hash = "sha256:011e24c64b7f47f6ebd835bb12a743f2fbe9a26d4cecaa7f53bc4f35ee9da8b3", size = 4990, upload-time = "2020-10-16T17:37:23.05Z" },
]

[[package]]
name = "isort"
version = "5.10.1"
source = { registry = "https://pypi.org/simple" }
sdist = { url = "https://files.pythonhosted.org/packages/ab/e9/964cb0b2eedd80c92f5172f1f8ae0443781a9d461c1372a3ce5762489593/isort-5.10.1.tar.gz", hash = "sha256:e8443a5e7a020e9d7f97f1d7d9cd17c88bcb3bc7e218bf9cf5095fe550be2951", size = 174062, upload-time = "2021-11-09T05:42:46.759Z" }
wheels = [
    { url = "https://files.pythonhosted.org/packages/b8/5b/f18e227df38b94b4ee30d2502fd531bebac23946a2497e5595067a561274/isort-5.10.1-py3-none-any.whl", hash = "sha256:6f62d78e2f89b4500b080fe3a81690850cd254227f27f75c3a0c491a1f351ba7", size = 103430, upload-time = "2021-11-09T05:42:44.651Z" },
]

[[package]]
name = "mccabe"
version = "0.6.1"
source = { registry = "https://pypi.org/simple" }
sdist = { url = "https://files.pythonhosted.org/packages/06/18/fa675aa501e11d6d6ca0ae73a101b2f3571a565e0f7d38e062eec18a91ee/mccabe-0.6.1.tar.gz", hash = "sha256:dd8d182285a0fe56bace7f45b5e7d1a6ebcbf524e8f3bd87eb0f125271b8831f", size = 8612, upload-time = "2017-01-26T22:13:15.699Z" }
wheels = [
    { url = "https://files.pythonhosted.org/packages/87/89/479dc97e18549e21354893e4ee4ef36db1d237534982482c3681ee6e7b57/mccabe-0.6.1-py2.py3-none-any.whl", hash = "sha256:ab8a6258860da4b6677da4bd2fe5dc2c659cff31b3ee4f7f5d64e79735b80d42", size = 8556, upload-time = "2017-01-26T22:13:14.36Z" },
]

[[package]]
name = "mypy"
version = "0.971"
source = { registry = "https://pypi.org/simple" }
dependencies = [
    { name = "mypy-extensions" },
    { name = "tomli" },
    { name = "typing-extensions" },
]
sdist = { url = "https://files.pythonhosted.org/packages/5e/66/00f7f751140fe6953603fb0cd56dee0314842cfe358884ca3025589ca81c/mypy-0.971.tar.gz", hash = "sha256:40b0f21484238269ae6a57200c807d80debc6459d444c0489a102d7c6a75fa56", size = 2757982, upload-time = "2022-07-19T15:03:14.2Z" }
wheels = [
    { url = "https://files.pythonhosted.org/packages/2c/97/ff71b0cdf61065db040ffe34ae88852d2a47de8b2b49c51608caf03771ed/mypy-0.971-cp310-cp310-macosx_10_9_universal2.whl", hash = "sha256:f2899a3cbd394da157194f913a931edfd4be5f274a88041c9dc2d9cdcb1c315c", size = 18495630, upload-time = "2022-07-19T15:03:09.188Z" },
    { url = "https://files.pythonhosted.org/packages/18/e1/d3e577229691dae4c8039cd87ef981482812ba7c5f5999fd67127af0f8a1/mypy-0.971-cp310-cp310-macosx_10_9_x86_64.whl", hash = "sha256:98e02d56ebe93981c41211c05adb630d1d26c14195d04d95e49cd97dbc046dc5", size = 11062018, upload-time = "2022-07-19T14:59:33.932Z" },
    { url = "https://files.pythonhosted.org/packages/f9/be/e5c50777159473c8dfb7cb512e62fbca19df4a6e9db711f17d77c14fb62b/mypy-0.971-cp310-cp310-macosx_11_0_arm64.whl", hash = "sha256:19830b7dba7d5356d3e26e2427a2ec91c994cd92d983142cbd025ebe81d69cf3", size = 10017604, upload-time = "2022-07-19T15:02:33.072Z" },
    { url = "https://files.pythonhosted.org/packages/f0/b7/d39405fb53e0ae99c26cba3c8ab50717eafb7aeb64beea6efbd42a17ef82/mypy-0.971-cp310-cp310-manylinux_2_5_x86_64.manylinux1_x86_64.manylinux_2_12_x86_64.manylinux2010_x86_64.whl", hash = "sha256:02ef476f6dcb86e6f502ae39a16b93285fef97e7f1ff22932b657d1ef1f28655", size = 17645516, upload-time = "2022-07-19T15:02:24.98Z" },
    { url = "https://files.pythonhosted.org/packages/9e/01/a81de921bc3efde879f6eab5ff4d4bb33b037581f78eccfa28a47105d0b3/mypy-0.971-cp310-cp310-win_amd64.whl", hash = "sha256:25c5750ba5609a0c7550b73a33deb314ecfb559c350bb050b655505e8aed4103", size = 8739572, upload-time = "2022-07-19T15:00:33.491Z" },
    { url = "https://files.pythonhosted.org/packages/6c/c6/20dd5b70962af557101b2d3a7052f8298a3e94708b62bc5ad7ca713b59bb/mypy-0.971-py3-none-any.whl", hash = "sha256:0d054ef16b071149917085f51f89555a576e2618d5d9dd70bd6eea6410af3ac9", size = 2550912, upload-time = "2022-07-19T15:02:45.354Z" },
]

[[package]]
name = "mypy-extensions"
version = "0.4.3"
source = { registry = "https://pypi.org/simple" }
sdist = { url = "https://files.pythonhosted.org/packages/63/60/0582ce2eaced55f65a4406fc97beba256de4b7a95a0034c6576458c6519f/mypy_extensions-0.4.3.tar.gz", hash = "sha256:2d82818f5bb3e369420cb3c4060a7970edba416647068eb4c5343488a6c604a8", size = 4252, upload-time = "2019-10-17T22:38:58.685Z" }
wheels = [
    { url = "https://files.pythonhosted.org/packages/5c/eb/975c7c080f3223a5cdaff09612f3a5221e4ba534f7039db34c35d95fa6a5/mypy_extensions-0.4.3-py2.py3-none-any.whl", hash = "sha256:090fedd75945a69ae91ce1303b5824f428daf5a028d2f6ab8a299250a846f15d", size = 4470, upload-time = "2019-10-17T22:38:56.922Z" },
]

[[package]]
name = "packaging"
version = "21.3"
source = { registry = "https://pypi.org/simple" }
dependencies = [
    { name = "pyparsing" },
]
sdist = { url = "https://files.pythonhosted.org/packages/df/9e/d1a7217f69310c1db8fdf8ab396229f55a699ce34a203691794c5d1cad0c/packaging-21.3.tar.gz", hash = "sha256:dd47c42927d89ab911e606518907cc2d3a1f38bbd026385970643f9c5b8ecfeb", size = 84848, upload-time = "2021-11-18T00:39:13.586Z" }
wheels = [
    { url = "https://files.pythonhosted.org/packages/05/8e/8de486cbd03baba4deef4142bd643a3e7bbe954a784dc1bb17142572d127/packaging-21.3-py3-none-any.whl", hash = "sha256:ef103e05f519cdc783ae24ea4e2e0f508a9c99b2d4969652eed6a2e1ea5bd522", size = 40750, upload-time = "2021-11-18T00:39:10.932Z" },
]

[[package]]
name = "pathspec"
version = "0.9.0"
source = { registry = "https://pypi.org/simple" }
sdist = { url = "https://files.pythonhosted.org/packages/f6/33/436c5cb94e9f8902e59d1d544eb298b83c84b9ec37b5b769c5a0ad6edb19/pathspec-0.9.0.tar.gz", hash = "sha256:e564499435a2673d586f6b2130bb5b95f04a3ba06f81b8f895b651a3c76aabb1", size = 29483, upload-time = "2021-07-18T00:27:56.81Z" }
wheels = [
    { url = "https://files.pythonhosted.org/packages/42/ba/a9d64c7bcbc7e3e8e5f93a52721b377e994c22d16196e2b0f1236774353a/pathspec-0.9.0-py2.py3-none-any.whl", hash = "sha256:7d15c4ddb0b5c802d161efc417ec1a2558ea2653c2e8ad9c19098201dc1c993a", size = 31165, upload-time = "2021-07-18T00:27:58.275Z" },
]

[[package]]
name = "platformdirs"
version = "2.5.2"
source = { registry = "https://pypi.org/simple" }
sdist = { url = "https://files.pythonhosted.org/packages/ff/7b/3613df51e6afbf2306fc2465671c03390229b55e3ef3ab9dd3f846a53be6/platformdirs-2.5.2.tar.gz", hash = "sha256:58c8abb07dcb441e6ee4b11d8df0ac856038f944ab98b7be6b27b2a3c7feef19", size = 22529, upload-time = "2022-04-18T08:48:49.564Z" }
wheels = [
    { url = "https://files.pythonhosted.org/packages/ed/22/967181c94c3a4063fe64e15331b4cb366bdd7dfbf46fcb8ad89650026fec/platformdirs-2.5.2-py3-none-any.whl", hash = "sha256:027d8e83a2d7de06bbac4e5ef7e023c02b863d7ea5d079477e722bb41ab25788", size = 14416, upload-time = "2022-04-18T08:48:47.67Z" },
]

[[package]]
name = "pluggy"
version = "1.0.0"
source = { registry = "https://pypi.org/simple" }
sdist = { url = "https://files.pythonhosted.org/packages/a1/16/db2d7de3474b6e37cbb9c008965ee63835bba517e22cdb8c35b5116b5ce1/pluggy-1.0.0.tar.gz", hash = "sha256:4224373bacce55f955a878bf9cfa763c1e360858e330072059e10bad68531159", size = 51510, upload-time = "2021-08-25T16:26:02.196Z" }
wheels = [
    { url = "https://files.pythonhosted.org/packages/9e/01/f38e2ff29715251cf25532b9082a1589ab7e4f571ced434f98d0139336dc/pluggy-1.0.0-py2.py3-none-any.whl", hash = "sha256:74134bbf457f031a36d68416e1509f34bd5ccc019f0bcc952c7b909d06b37bd3", size = 13667, upload-time = "2021-08-25T16:25:59.674Z" },
]

[[package]]
name = "py"
version = "1.11.0"
source = { registry = "https://pypi.org/simple" }
sdist = { url = "https://files.pythonhosted.org/packages/98/ff/fec109ceb715d2a6b4c4a85a61af3b40c723a961e8828319fbcb15b868dc/py-1.11.0.tar.gz", hash = "sha256:51c75c4126074b472f746a24399ad32f6053d1b34b68d2fa41e558e6f4a98719", size = 207796, upload-time = "2021-11-04T17:17:01.377Z" }
wheels = [
    { url = "https://files.pythonhosted.org/packages/f6/f0/10642828a8dfb741e5f3fbaac830550a518a775c7fff6f04a007259b0548/py-1.11.0-py2.py3-none-any.whl", hash = "sha256:607c53218732647dff4acdfcd50cb62615cedf612e72d1724fb1a0cc6405b378", size = 98708, upload-time = "2021-11-04T17:17:00.152Z" },
]

[[package]]
name = "pycodestyle"
version = "2.8.0"
source = { registry = "https://pypi.org/simple" }
sdist = { url = "https://files.pythonhosted.org/packages/08/dc/b29daf0a202b03f57c19e7295b60d1d5e1281c45a6f5f573e41830819918/pycodestyle-2.8.0.tar.gz", hash = "sha256:eddd5847ef438ea1c7870ca7eb78a9d47ce0cdb4851a5523949f2601d0cbbe7f", size = 102299, upload-time = "2021-10-11T00:56:27.496Z" }
wheels = [
    { url = "https://files.pythonhosted.org/packages/15/94/bc43a2efb7b8615e38acde2b6624cae8c9ec86faf718ff5676c5179a7714/pycodestyle-2.8.0-py2.py3-none-any.whl", hash = "sha256:720f8b39dde8b293825e7ff02c475f3077124006db4f440dcbc9a20b76548a20", size = 42112, upload-time = "2021-10-11T00:56:25.599Z" },
]

[[package]]
name = "pyflakes"
version = "2.4.0"
source = { registry = "https://pypi.org/simple" }
sdist = { url = "https://files.pythonhosted.org/packages/15/60/c577e54518086e98470e9088278247f4af1d39cb43bcbd731e2c307acd6a/pyflakes-2.4.0.tar.gz", hash = "sha256:05a85c2872edf37a4ed30b0cce2f6093e1d0581f8c19d7393122da7e25b2b24c", size = 69101, upload-time = "2021-10-06T20:39:50.936Z" }
wheels = [
    { url = "https://files.pythonhosted.org/packages/43/fb/38848eb494af7df9aeb2d7673ace8b213313eb7e391691a79dbaeb6a838f/pyflakes-2.4.0-py2.py3-none-any.whl", hash = "sha256:3bb3a3f256f4b7968c9c788781e4ff07dce46bdf12339dcda61053375426ee2e", size = 69704, upload-time = "2021-10-06T20:39:49.185Z" },
]

[[package]]
name = "pyparsing"
version = "3.0.9"
source = { registry = "https://pypi.org/simple" }
sdist = { url = "https://files.pythonhosted.org/packages/71/22/207523d16464c40a0310d2d4d8926daffa00ac1f5b1576170a32db749636/pyparsing-3.0.9.tar.gz", hash = "sha256:2b020ecf7d21b687f219b71ecad3631f644a47f01403fa1d1036b0c6416d70fb", size = 1999906, upload-time = "2022-05-10T23:26:05.963Z" }
wheels = [
    { url = "https://files.pythonhosted.org/packages/6c/10/a7d0fa5baea8fe7b50f448ab742f26f52b80bfca85ac2be9d35cdd9a3246/pyparsing-3.0.9-py3-none-any.whl", hash = "sha256:5026bae9a10eeaefb61dab2f09052b9f4307d44aee4eda64b309723d8d206bbc", size = 98338, upload-time = "2022-05-10T23:26:03.201Z" },
]

[[package]]
name = "pytest"
version = "7.1.2"
source = { registry = "https://pypi.org/simple" }
dependencies = [
    { name = "atomicwrites", marker = "sys_platform == 'win32'" },
    { name = "attrs" },
    { name = "colorama", marker = "sys_platform == 'win32'" },
    { name = "iniconfig" },
    { name = "packaging" },
    { name = "pluggy" },
    { name = "py" },
    { name = "tomli" },
]
sdist = { url = "https://files.pythonhosted.org/packages/4e/1f/34657c6ac56f3c58df650ba41f8ffb2620281ead8e11bcdc7db63cf72a78/pytest-7.1.2.tar.gz", hash = "sha256:a06a0425453864a270bc45e71f783330a7428defb4230fb5e6a731fde06ecd45", size = 1256241, upload-time = "2022-04-23T14:35:57.211Z" }
wheels = [
    { url = "https://files.pythonhosted.org/packages/fb/d0/bae533985f2338c5d02184b4a7083b819f6b3fc101da792e0d96e6e5299d/pytest-7.1.2-py3-none-any.whl", hash = "sha256:13d0e3ccfc2b6e26be000cb6568c832ba67ba32e719443bfe725814d3c42433c", size = 297031, upload-time = "2022-04-23T14:35:55.107Z" },
]

[[package]]
name = "requests"
version = "2.28.1"
source = { registry = "https://pypi.org/simple" }
dependencies = [
    { name = "certifi" },
    { name = "charset-normalizer" },
    { name = "idna" },
    { name = "urllib3" },
]
sdist = { url = "https://files.pythonhosted.org/packages/a5/61/a867851fd5ab77277495a8709ddda0861b28163c4613b011bc00228cc724/requests-2.28.1.tar.gz", hash = "sha256:7c5599b102feddaa661c826c56ab4fee28bfd17f5abca1ebbe3e7f19d7c97983", size = 109805, upload-time = "2022-06-29T15:13:42.715Z" }
wheels = [
    { url = "https://files.pythonhosted.org/packages/ca/91/6d9b8ccacd0412c08820f72cebaa4f0c0441b5cda699c90f618b6f8a1b42/requests-2.28.1-py3-none-any.whl", hash = "sha256:8fefa2a1a1365bf5520aac41836fbee479da67864514bdb821f31ce07ce65349", size = 62843, upload-time = "2022-06-29T15:13:40.685Z" },
]

[[package]]
name = "tomli"
version = "2.0.1"
source = { registry = "https://pypi.org/simple" }
sdist = { url = "https://files.pythonhosted.org/packages/c0/3f/d7af728f075fb08564c5949a9c95e44352e23dee646869fa104a3b2060a3/tomli-2.0.1.tar.gz", hash = "sha256:de526c12914f0c550d15924c62d72abc48d6fe7364aa87328337a31007fe8a4f", size = 15164, upload-time = "2022-02-08T10:54:04.006Z" }
wheels = [
    { url = "https://files.pythonhosted.org/packages/97/75/10a9ebee3fd790d20926a90a2547f0bf78f371b2f13aa822c759680ca7b9/tomli-2.0.1-py3-none-any.whl", hash = "sha256:939de3e7a6161af0c887ef91b7d41a53e7c5a1ca976325f429cb46ea9bc30ecc", size = 12757, upload-time = "2022-02-08T10:54:02.017Z" },
]

[[package]]
name = "typing-extensions"
version = "4.3.0"
source = { registry = "https://pypi.org/simple" }
sdist = { url = "https://files.pythonhosted.org/packages/9e/1d/d128169ff58c501059330f1ad96ed62b79114a2eb30b8238af63a2e27f70/typing_extensions-4.3.0.tar.gz", hash = "sha256:e6d2677a32f47fc7eb2795db1dd15c1f34eff616bcaf2cfb5e997f854fa1c4a6", size = 47430, upload-time = "2022-07-01T14:56:14.062Z" }
wheels = [
    { url = "https://files.pythonhosted.org/packages/ed/d6/2afc375a8d55b8be879d6b4986d4f69f01115e795e36827fd3a40166028b/typing_extensions-4.3.0-py3-none-any.whl", hash = "sha256:25642c956049920a5aa49edcdd6ab1e06d7e5d467fc00e0506c44ac86fbfca02", size = 25596, upload-time = "2022-07-01T14:56:11.904Z" },
]

[[package]]
name = "urllib3"
version = "1.26.10"
source = { registry = "https://pypi.org/simple" }
sdist = { url = "https://files.pythonhosted.org/packages/25/36/f056e5f1389004cf886bb7a8514077f24224238a7534497c014a6b9ac770/urllib3-1.26.10.tar.gz", hash = "sha256:879ba4d1e89654d9769ce13121e0f94310ea32e8d2f8cf587b77c08bbcdb30d6", size = 297854, upload-time = "2022-07-07T15:12:50.06Z" }
wheels = [
    { url = "https://files.pythonhosted.org/packages/68/47/93d3d28e97c7577f563903907912f4b3804054e4877a5ba6651f7182c53b/urllib3-1.26.10-py2.py3-none-any.whl", hash = "sha256:8298d6d56d39be0e3bc13c1c97d133f9b45d797169a0e11cdd0e0489d786f7ec", size = 139185, upload-time = "2022-07-07T15:12:47.549Z" },
]
